
Microsoft Visual Studio Solution File, Format Version 11.00
# Visual Studio 2010
Project("{F184B08F-C81C-45F6-A57F-5ABD9991F28F}") = "Projecto_Final", "Projecto_Final\Projecto_Final.vbproj", "{9E22D9A2-EB62-45D8-931A-DB86B841F8AB}"
EndProject
Global
	GlobalSection(SolutionConfigurationPlatforms) = preSolution
		Debug|Any CPU = Debug|Any CPU
		Release|Any CPU = Release|Any CPU
	EndGlobalSection
	GlobalSection(ProjectConfigurationPlatforms) = postSolution
		{9E22D9A2-EB62-45D8-931A-DB86B841F8AB}.Debug|Any CPU.ActiveCfg = Debug|Any CPU
		{9E22D9A2-EB62-45D8-931A-DB86B841F8AB}.Debug|Any CPU.Build.0 = Debug|Any CPU
		{9E22D9A2-EB62-45D8-931A-DB86B841F8AB}.Release|Any CPU.ActiveCfg = Release|Any CPU
		{9E22D9A2-EB62-45D8-931A-DB86B841F8AB}.Release|Any CPU.Build.0 = Release|Any CPU
	EndGlobalSection
	GlobalSection(SolutionProperties) = preSolution
		HideSolutionNode = FALSE
	EndGlobalSection
EndGlobal
